// !$*UTF8*$!
{
	archiveVersion = 1;
	classes = {
	};
	objectVersion = 50;
	objects = {

/* Begin PBXBuildFile section */
		4BD14455215DD66F003EEE05 /* AppDelegate.swift in Sources */ = {isa = PBXBuildFile; fileRef = 4BD14454215DD66F003EEE05 /* AppDelegate.swift */; };
		4BD14457215DD670003EEE05 /* GameScene.sks in Resources */ = {isa = PBXBuildFile; fileRef = 4BD14456215DD670003EEE05 /* GameScene.sks */; };
		4BD14459215DD670003EEE05 /* Actions.sks in Resources */ = {isa = PBXBuildFile; fileRef = 4BD14458215DD670003EEE05 /* Actions.sks */; };
		4BD1445B215DD670003EEE05 /* GameScene.swift in Sources */ = {isa = PBXBuildFile; fileRef = 4BD1445A215DD670003EEE05 /* GameScene.swift */; };
		4BD1445D215DD670003EEE05 /* GameViewController.swift in Sources */ = {isa = PBXBuildFile; fileRef = 4BD1445C215DD670003EEE05 /* GameViewController.swift */; };
		4BD14460215DD670003EEE05 /* Main.storyboard in Resources */ = {isa = PBXBuildFile; fileRef = 4BD1445E215DD670003EEE05 /* Main.storyboard */; };
		4BD14462215DD670003EEE05 /* Assets.xcassets in Resources */ = {isa = PBXBuildFile; fileRef = 4BD14461215DD670003EEE05 /* Assets.xcassets */; };
		4BD14465215DD670003EEE05 /* LaunchScreen.storyboard in Resources */ = {isa = PBXBuildFile; fileRef = 4BD14463215DD670003EEE05 /* LaunchScreen.storyboard */; };
		4BD14470215DD670003EEE05 /* testTests.swift in Sources */ = {isa = PBXBuildFile; fileRef = 4BD1446F215DD670003EEE05 /* testTests.swift */; };
		4BD1447B215DD670003EEE05 /* testUITests.swift in Sources */ = {isa = PBXBuildFile; fileRef = 4BD1447A215DD670003EEE05 /* testUITests.swift */; };
/* End PBXBuildFile section */

/* Begin PBXContainerItemProxy section */
		4BD1446C215DD670003EEE05 /* PBXContainerItemProxy */ = {
			isa = PBXContainerItemProxy;
			containerPortal = 4BD14449215DD66F003EEE05 /* Project object */;
			proxyType = 1;
			remoteGlobalIDString = 4BD14450215DD66F003EEE05;
			remoteInfo = test;
		};
		4BD14477215DD670003EEE05 /* PBXContainerItemProxy */ = {
			isa = PBXContainerItemProxy;
			containerPortal = 4BD14449215DD66F003EEE05 /* Project object */;
			proxyType = 1;
			remoteGlobalIDString = 4BD14450215DD66F003EEE05;
			remoteInfo = test;
		};
/* End PBXContainerItemProxy section */

/* Begin PBXFileReference section */
		4BD14451215DD66F003EEE05 /* test.app */ = {isa = PBXFileReference; explicitFileType = wrapper.application; includeInIndex = 0; path = test.app; sourceTree = BUILT_PRODUCTS_DIR; };
		4BD14454215DD66F003EEE05 /* AppDelegate.swift */ = {isa = PBXFileReference; lastKnownFileType = sourcecode.swift; path = AppDelegate.swift; sourceTree = "<group>"; };
		4BD14456215DD670003EEE05 /* GameScene.sks */ = {isa = PBXFileReference; lastKnownFileType = file.sks; path = GameScene.sks; sourceTree = "<group>"; };
		4BD14458215DD670003EEE05 /* Actions.sks */ = {isa = PBXFileReference; lastKnownFileType = file.sks; path = Actions.sks; sourceTree = "<group>"; };
		4BD1445A215DD670003EEE05 /* GameScene.swift */ = {isa = PBXFileReference; lastKnownFileType = sourcecode.swift; path = GameScene.swift; sourceTree = "<group>"; };
		4BD1445C215DD670003EEE05 /* GameViewController.swift */ = {isa = PBXFileReference; lastKnownFileType = sourcecode.swift; path = GameViewController.swift; sourceTree = "<group>"; };
		4BD1445F215DD670003EEE05 /* Base */ = {isa = PBXFileReference; lastKnownFileType = file.storyboard; name = Base; path = Base.lproj/Main.storyboard; sourceTree = "<group>"; };
		4BD14461215DD670003EEE05 /* Assets.xcassets */ = {isa = PBXFileReference; lastKnownFileType = folder.assetcatalog; path = Assets.xcassets; sourceTree = "<group>"; };
		4BD14464215DD670003EEE05 /* Base */ = {isa = PBXFileReference; lastKnownFileType = file.storyboard; name = Base; path = Base.lproj/LaunchScreen.storyboard; sourceTree = "<group>"; };
		4BD14466215DD670003EEE05 /* Info.plist */ = {isa = PBXFileReference; lastKnownFileType = text.plist.xml; path = Info.plist; sourceTree = "<group>"; };
		4BD1446B215DD670003EEE05 /* testTests.xctest */ = {isa = PBXFileReference; explicitFileType = wrapper.cfbundle; includeInIndex = 0; path = testTests.xctest; sourceTree = BUILT_PRODUCTS_DIR; };
		4BD1446F215DD670003EEE05 /* testTests.swift */ = {isa = PBXFileReference; lastKnownFileType = sourcecode.swift; path = testTests.swift; sourceTree = "<group>"; };
		4BD14471215DD670003EEE05 /* Info.plist */ = {isa = PBXFileReference; lastKnownFileType = text.plist.xml; path = Info.plist; sourceTree = "<group>"; };
		4BD14476215DD670003EEE05 /* testUITests.xctest */ = {isa = PBXFileReference; explicitFileType = wrapper.cfbundle; includeInIndex = 0; path = testUITests.xctest; sourceTree = BUILT_PRODUCTS_DIR; };
		4BD1447A215DD670003EEE05 /* testUITests.swift */ = {isa = PBXFileReference; lastKnownFileType = sourcecode.swift; path = testUITests.swift; sourceTree = "<group>"; };
		4BD1447C215DD670003EEE05 /* Info.plist */ = {isa = PBXFileReference; lastKnownFileType = text.plist.xml; path = Info.plist; sourceTree = "<group>"; };
/* End PBXFileReference section */

/* Begin PBXFrameworksBuildPhase section */
		4BD1444E215DD66F003EEE05 /* Frameworks */ = {
			isa = PBXFrameworksBuildPhase;
			buildActionMask = 2147483647;
			files = (
			);
			runOnlyForDeploymentPostprocessing = 0;
		};
		4BD14468215DD670003EEE05 /* Frameworks */ = {
			isa = PBXFrameworksBuildPhase;
			buildActionMask = 2147483647;
			files = (
			);
			runOnlyForDeploymentPostprocessing = 0;
		};
		4BD14473215DD670003EEE05 /* Frameworks */ = {
			isa = PBXFrameworksBuildPhase;
			buildActionMask = 2147483647;
			files = (
			);
			runOnlyForDeploymentPostprocessing = 0;
		};
/* End PBXFrameworksBuildPhase section */

/* Begin PBXGroup section */
		4BD14448215DD66F003EEE05 = {
			isa = PBXGroup;
			children = (
				4BD14453215DD66F003EEE05 /* test */,
				4BD1446E215DD670003EEE05 /* testTests */,
				4BD14479215DD670003EEE05 /* testUITests */,
				4BD14452215DD66F003EEE05 /* Products */,
			);
			sourceTree = "<group>";
		};
		4BD14452215DD66F003EEE05 /* Products */ = {
			isa = PBXGroup;
			children = (
				4BD14451215DD66F003EEE05 /* test.app */,
				4BD1446B215DD670003EEE05 /* testTests.xctest */,
				4BD14476215DD670003EEE05 /* testUITests.xctest */,
			);
			name = Products;
			sourceTree = "<group>";
		};
		4BD14453215DD66F003EEE05 /* test */ = {
			isa = PBXGroup;
			children = (
				4BD14454215DD66F003EEE05 /* AppDelegate.swift */,
				4BD14456215DD670003EEE05 /* GameScene.sks */,
				4BD14458215DD670003EEE05 /* Actions.sks */,
				4BD1445A215DD670003EEE05 /* GameScene.swift */,
				4BD1445C215DD670003EEE05 /* GameViewController.swift */,
				4BD1445E215DD670003EEE05 /* Main.storyboard */,
				4BD14461215DD670003EEE05 /* Assets.xcassets */,
				4BD14463215DD670003EEE05 /* LaunchScreen.storyboard */,
				4BD14466215DD670003EEE05 /* Info.plist */,
			);
			path = test;
			sourceTree = "<group>";
		};
		4BD1446E215DD670003EEE05 /* testTests */ = {
			isa = PBXGroup;
			children = (
				4BD1446F215DD670003EEE05 /* testTests.swift */,
				4BD14471215DD670003EEE05 /* Info.plist */,
			);
			path = testTests;
			sourceTree = "<group>";
		};
		4BD14479215DD670003EEE05 /* testUITests */ = {
			isa = PBXGroup;
			children = (
				4BD1447A215DD670003EEE05 /* testUITests.swift */,
				4BD1447C215DD670003EEE05 /* Info.plist */,
			);
			path = testUITests;
			sourceTree = "<group>";
		};
/* End PBXGroup section */

/* Begin PBXNativeTarget section */
		4BD14450215DD66F003EEE05 /* test */ = {
			isa = PBXNativeTarget;
			buildConfigurationList = 4BD1447F215DD670003EEE05 /* Build configuration list for PBXNativeTarget "test" */;
			buildPhases = (
				4BD1444D215DD66F003EEE05 /* Sources */,
				4BD1444E215DD66F003EEE05 /* Frameworks */,
				4BD1444F215DD66F003EEE05 /* Resources */,
			);
			buildRules = (
			);
			dependencies = (
			);
			name = test;
			productName = test;
			productReference = 4BD14451215DD66F003EEE05 /* test.app */;
			productType = "com.apple.product-type.application";
		};
		4BD1446A215DD670003EEE05 /* testTests */ = {
			isa = PBXNativeTarget;
			buildConfigurationList = 4BD14482215DD670003EEE05 /* Build configuration list for PBXNativeTarget "testTests" */;
			buildPhases = (
				4BD14467215DD670003EEE05 /* Sources */,
				4BD14468215DD670003EEE05 /* Frameworks */,
				4BD14469215DD670003EEE05 /* Resources */,
			);
			buildRules = (
			);
			dependencies = (
				4BD1446D215DD670003EEE05 /* PBXTargetDependency */,
			);
			name = testTests;
			productName = testTests;
			productReference = 4BD1446B215DD670003EEE05 /* testTests.xctest */;
			productType = "com.apple.product-type.bundle.unit-test";
		};
		4BD14475215DD670003EEE05 /* testUITests */ = {
			isa = PBXNativeTarget;
			buildConfigurationList = 4BD14485215DD670003EEE05 /* Build configuration list for PBXNativeTarget "testUITests" */;
			buildPhases = (
				4BD14472215DD670003EEE05 /* Sources */,
				4BD14473215DD670003EEE05 /* Frameworks */,
				4BD14474215DD670003EEE05 /* Resources */,
			);
			buildRules = (
			);
			dependencies = (
				4BD14478215DD670003EEE05 /* PBXTargetDependency */,
			);
			name = testUITests;
			productName = testUITests;
			productReference = 4BD14476215DD670003EEE05 /* testUITests.xctest */;
			productType = "com.apple.product-type.bundle.ui-testing";
		};
/* End PBXNativeTarget section */

/* Begin PBXProject section */
		4BD14449215DD66F003EEE05 /* Project object */ = {
			isa = PBXProject;
			attributes = {
				LastSwiftUpdateCheck = 1000;
				LastUpgradeCheck = 1000;
				ORGANIZATIONNAME = user145486;
				TargetAttributes = {
					4BD14450215DD66F003EEE05 = {
						CreatedOnToolsVersion = 10.0;
					};
					4BD1446A215DD670003EEE05 = {
						CreatedOnToolsVersion = 10.0;
						TestTargetID = 4BD14450215DD66F003EEE05;
					};
					4BD14475215DD670003EEE05 = {
						CreatedOnToolsVersion = 10.0;
						TestTargetID = 4BD14450215DD66F003EEE05;
					};
				};
			};
			buildConfigurationList = 4BD1444C215DD66F003EEE05 /* Build configuration list for PBXProject "test" */;
			compatibilityVersion = "Xcode 9.3";
			developmentRegion = en;
			hasScannedForEncodings = 0;
			knownRegions = (
				en,
				Base,
			);
			mainGroup = 4BD14448215DD66F003EEE05;
			productRefGroup = 4BD14452215DD66F003EEE05 /* Products */;
			projectDirPath = "";
			projectRoot = "";
			targets = (
				4BD14450215DD66F003EEE05 /* test */,
				4BD1446A215DD670003EEE05 /* testTests */,
				4BD14475215DD670003EEE05 /* testUITests */,
			);
		};
/* End PBXProject section */

/* Begin PBXResourcesBuildPhase section */
		4BD1444F215DD66F003EEE05 /* Resources */ = {
			isa = PBXResourcesBuildPhase;
			buildActionMask = 2147483647;
			files = (
				4BD14460215DD670003EEE05 /* Main.storyboard in Resources */,
				4BD14457215DD670003EEE05 /* GameScene.sks in Resources */,
				4BD14462215DD670003EEE05 /* Assets.xcassets in Resources */,
				4BD14465215DD670003EEE05 /* LaunchScreen.storyboard in Resources */,
				4BD14459215DD670003EEE05 /* Actions.sks in Resources */,
			);
			runOnlyForDeploymentPostprocessing = 0;
		};
		4BD14469215DD670003EEE05 /* Resources */ = {
			isa = PBXResourcesBuildPhase;
			buildActionMask = 2147483647;
			files = (
			);
			runOnlyForDeploymentPostprocessing = 0;
		};
		4BD14474215DD670003EEE05 /* Resources */ = {
			isa = PBXResourcesBuildPhase;
			buildActionMask = 2147483647;
			files = (
			);
			runOnlyForDeploymentPostprocessing = 0;
		};
/* End PBXResourcesBuildPhase section */

/* Begin PBXSourcesBuildPhase section */
		4BD1444D215DD66F003EEE05 /* Sources */ = {
			isa = PBXSourcesBuildPhase;
			buildActionMask = 2147483647;
			files = (
				4BD1445B215DD670003EEE05 /* GameScene.swift in Sources */,
				4BD1445D215DD670003EEE05 /* GameViewController.swift in Sources */,
				4BD14455215DD66F003EEE05 /* AppDelegate.swift in Sources */,
			);
			runOnlyForDeploymentPostprocessing = 0;
		};
		4BD14467215DD670003EEE05 /* Sources */ = {
			isa = PBXSourcesBuildPhase;
			buildActionMask = 2147483647;
			files = (
				4BD14470215DD670003EEE05 /* testTests.swift in Sources */,
			);
			runOnlyForDeploymentPostprocessing = 0;
		};
		4BD14472215DD670003EEE05 /* Sources */ = {
			isa = PBXSourcesBuildPhase;
			buildActionMask = 2147483647;
			files = (
				4BD1447B215DD670003EEE05 /* testUITests.swift in Sources */,
			);
			runOnlyForDeploymentPostprocessing = 0;
		};
/* End PBXSourcesBuildPhase section */

/* Begin PBXTargetDependency section */
		4BD1446D215DD670003EEE05 /* PBXTargetDependency */ = {
			isa = PBXTargetDependency;
			target = 4BD14450215DD66F003EEE05 /* test */;
			targetProxy = 4BD1446C215DD670003EEE05 /* PBXContainerItemProxy */;
		};
		4BD14478215DD670003EEE05 /* PBXTargetDependency */ = {
			isa = PBXTargetDependency;
			target = 4BD14450215DD66F003EEE05 /* test */;
			targetProxy = 4BD14477215DD670003EEE05 /* PBXContainerItemProxy */;
		};
/* End PBXTargetDependency section */

/* Begin PBXVariantGroup section */
		4BD1445E215DD670003EEE05 /* Main.storyboard */ = {
			isa = PBXVariantGroup;
			children = (
				4BD1445F215DD670003EEE05 /* Base */,
			);
			name = Main.storyboard;
			sourceTree = "<group>";
		};
		4BD14463215DD670003EEE05 /* LaunchScreen.storyboard */ = {
			isa = PBXVariantGroup;
			children = (
				4BD14464215DD670003EEE05 /* Base */,
			);
			name = LaunchScreen.storyboard;
			sourceTree = "<group>";
		};
/* End PBXVariantGroup section */

/* Begin XCBuildConfiguration section */
		4BD1447D215DD670003EEE05 /* Debug */ = {
			isa = XCBuildConfiguration;
			buildSettings = {
				ALWAYS_SEARCH_USER_PATHS = NO;
				CLANG_ANALYZER_NONNULL = YES;
				CLANG_ANALYZER_NUMBER_OBJECT_CONVERSION = YES_AGGRESSIVE;
				CLANG_CXX_LANGUAGE_STANDARD = "gnu++14";
				CLANG_CXX_LIBRARY = "libc++";
				CLANG_ENABLE_MODULES = YES;
				CLANG_ENABLE_OBJC_ARC = YES;
				CLANG_ENABLE_OBJC_WEAK = YES;
				CLANG_WARN_BLOCK_CAPTURE_AUTORELEASING = YES;
				CLANG_WARN_BOOL_CONVERSION = YES;
				CLANG_WARN_COMMA = YES;
				CLANG_WARN_CONSTANT_CONVERSION = YES;
				CLANG_WARN_DEPRECATED_OBJC_IMPLEMENTATIONS = YES;
				CLANG_WARN_DIRECT_OBJC_ISA_USAGE = YES_ERROR;
				CLANG_WARN_DOCUMENTATION_COMMENTS = YES;
				CLANG_WARN_EMPTY_BODY = YES;
				CLANG_WARN_ENUM_CONVERSION = YES;
				CLANG_WARN_INFINITE_RECURSION = YES;
				CLANG_WARN_INT_CONVERSION = YES;
				CLANG_WARN_NON_LITERAL_NULL_CONVERSION = YES;
				CLANG_WARN_OBJC_IMPLICIT_RETAIN_SELF = YES;
				CLANG_WARN_OBJC_LITERAL_CONVERSION = YES;
				CLANG_WARN_OBJC_ROOT_CLASS = YES_ERROR;
				CLANG_WARN_RANGE_LOOP_ANALYSIS = YES;
				CLANG_WARN_STRICT_PROTOTYPES = YES;
				CLANG_WARN_SUSPICIOUS_MOVE = YES;
				CLANG_WARN_UNGUARDED_AVAILABILITY = YES_AGGRESSIVE;
				CLANG_WARN_UNREACHABLE_CODE = YES;
				CLANG_WARN__DUPLICATE_METHOD_MATCH = YES;
				CODE_SIGN_IDENTITY = "iPhone Developer";
				COPY_PHASE_STRIP = NO;
				DEBUG_INFORMATION_FORMAT = dwarf;
				ENABLE_STRICT_OBJC_MSGSEND = YES;
				ENABLE_TESTABILITY = YES;
				GCC_C_LANGUAGE_STANDARD = gnu11;
				GCC_DYNAMIC_NO_PIC = NO;
				GCC_NO_COMMON_BLOCKS = YES;
				GCC_OPTIMIZATION_LEVEL = 0;
				GCC_PREPROCESSOR_DEFINITIONS = (
					"DEBUG=1",
					"$(inherited)",
				);
				GCC_WARN_64_TO_32_BIT_CONVERSION = YES;
				GCC_WARN_ABOUT_RETURN_TYPE = YES_ERROR;
				GCC_WARN_UNDECLARED_SELECTOR = YES;
				GCC_WARN_UNINITIALIZED_AUTOS = YES_AGGRESSIVE;
				GCC_WARN_UNUSED_FUNCTION = YES;
				GCC_WARN_UNUSED_VARIABLE = YES;
				IPHONEOS_DEPLOYMENT_TARGET = 12.0;
				MTL_ENABLE_DEBUG_INFO = INCLUDE_SOURCE;
				MTL_FAST_MATH = YES;
				ONLY_ACTIVE_ARCH = YES;
				SDKROOT = iphoneos;
				SWIFT_ACTIVE_COMPILATION_CONDITIONS = DEBUG;
				SWIFT_OPTIMIZATION_LEVEL = "-Onone";
			};
			name = Debug;
		};
		4BD1447E215DD670003EEE05 /* Release */ = {
			isa = XCBuildConfiguration;
			buildSettings = {
				ALWAYS_SEARCH_USER_PATHS = NO;
				CLANG_ANALYZER_NONNULL = YES;
				CLANG_ANALYZER_NUMBER_OBJECT_CONVERSION = YES_AGGRESSIVE;
				CLANG_CXX_LANGUAGE_STANDARD = "gnu++14";
				CLANG_CXX_LIBRARY = "libc++";
				CLANG_ENABLE_MODULES = YES;
				CLANG_ENABLE_OBJC_ARC = YES;
				CLANG_ENABLE_OBJC_WEAK = YES;
				CLANG_WARN_BLOCK_CAPTURE_AUTORELEASING = YES;
				CLANG_WARN_BOOL_CONVERSION = YES;
				CLANG_WARN_COMMA = YES;
				CLANG_WARN_CONSTANT_CONVERSION = YES;
				CLANG_WARN_DEPRECATED_OBJC_IMPLEMENTATIONS = YES;
				CLANG_WARN_DIRECT_OBJC_ISA_USAGE = YES_ERROR;
				CLANG_WARN_DOCUMENTATION_COMMENTS = YES;
				CLANG_WARN_EMPTY_BODY = YES;
				CLANG_WARN_ENUM_CONVERSION = YES;
				CLANG_WARN_INFINITE_RECURSION = YES;
				CLANG_WARN_INT_CONVERSION = YES;
				CLANG_WARN_NON_LITERAL_NULL_CONVERSION = YES;
				CLANG_WARN_OBJC_IMPLICIT_RETAIN_SELF = YES;
				CLANG_WARN_OBJC_LITERAL_CONVERSION = YES;
				CLANG_WARN_OBJC_ROOT_CLASS = YES_ERROR;
				CLANG_WARN_RANGE_LOOP_ANALYSIS = YES;
				CLANG_WARN_STRICT_PROTOTYPES = YES;
				CLANG_WARN_SUSPICIOUS_MOVE = YES;
				CLANG_WARN_UNGUARDED_AVAILABILITY = YES_AGGRESSIVE;
				CLANG_WARN_UNREACHABLE_CODE = YES;
				CLANG_WARN__DUPLICATE_METHOD_MATCH = YES;
				CODE_SIGN_IDENTITY = "iPhone Developer";
				COPY_PHASE_STRIP = NO;
				DEBUG_INFORMATION_FORMAT = "dwarf-with-dsym";
				ENABLE_NS_ASSERTIONS = NO;
				ENABLE_STRICT_OBJC_MSGSEND = YES;
				GCC_C_LANGUAGE_STANDARD = gnu11;
				GCC_NO_COMMON_BLOCKS = YES;
				GCC_WARN_64_TO_32_BIT_CONVERSION = YES;
				GCC_WARN_ABOUT_RETURN_TYPE = YES_ERROR;
				GCC_WARN_UNDECLARED_SELECTOR = YES;
				GCC_WARN_UNINITIALIZED_AUTOS = YES_AGGRESSIVE;
				GCC_WARN_UNUSED_FUNCTION = YES;
				GCC_WARN_UNUSED_VARIABLE = YES;
				IPHONEOS_DEPLOYMENT_TARGET = 12.0;
				MTL_ENABLE_DEBUG_INFO = NO;
				MTL_FAST_MATH = YES;
				SDKROOT = iphoneos;
				SWIFT_COMPILATION_MODE = wholemodule;
				SWIFT_OPTIMIZATION_LEVEL = "-O";
				VALIDATE_PRODUCT = YES;
			};
			name = Release;
		};
		4BD14480215DD670003EEE05 /* Debug */ = {
			isa = XCBuildConfiguration;
			buildSettings = {
				ASSETCATALOG_COMPILER_APPICON_NAME = AppIcon;
				CODE_SIGN_STYLE = Automatic;
				INFOPLIST_FILE = test/Info.plist;
				LD_RUNPATH_SEARCH_PATHS = (
					"$(inherited)",
					"@executable_path/Frameworks",
				);
				PRODUCT_BUNDLE_IDENTIFIER = swift.test;
				PRODUCT_NAME = "$(TARGET_NAME)";
				SWIFT_VERSION = 4.2;
				TARGETED_DEVICE_FAMILY = "1,2";
			};
			name = Debug;
		};
		4BD14481215DD670003EEE05 /* Release */ = {
			isa = XCBuildConfiguration;
			buildSettings = {
				ASSETCATALOG_COMPILER_APPICON_NAME = AppIcon;
				CODE_SIGN_STYLE = Automatic;
				INFOPLIST_FILE = test/Info.plist;
				LD_RUNPATH_SEARCH_PATHS = (
					"$(inherited)",
					"@executable_path/Frameworks",
				);
				PRODUCT_BUNDLE_IDENTIFIER = swift.test;
				PRODUCT_NAME = "$(TARGET_NAME)";
				SWIFT_VERSION = 4.2;
				TARGETED_DEVICE_FAMILY = "1,2";
			};
			name = Release;
		};
		4BD14483215DD670003EEE05 /* Debug */ = {
			isa = XCBuildConfiguration;
			buildSettings = {
				ALWAYS_EMBED_SWIFT_STANDARD_LIBRARIES = YES;
				BUNDLE_LOADER = "$(TEST_HOST)";
				CODE_SIGN_STYLE = Automatic;
				INFOPLIST_FILE = testTests/Info.plist;
				LD_RUNPATH_SEARCH_PATHS = (
					"$(inherited)",
					"@executable_path/Frameworks",
					"@loader_path/Frameworks",
				);
				PRODUCT_BUNDLE_IDENTIFIER = swift.testTests;
				PRODUCT_NAME = "$(TARGET_NAME)";
				SWIFT_VERSION = 4.2;
				TARGETED_DEVICE_FAMILY = "1,2";
				TEST_HOST = "$(BUILT_PRODUCTS_DIR)/test.app/test";
			};
			name = Debug;
		};
		4BD14484215DD670003EEE05 /* Release */ = {
			isa = XCBuildConfiguration;
			buildSettings = {
				ALWAYS_EMBED_SWIFT_STANDARD_LIBRARIES = YES;
				BUNDLE_LOADER = "$(TEST_HOST)";
				CODE_SIGN_STYLE = Automatic;
				INFOPLIST_FILE = testTests/Info.plist;
				LD_RUNPATH_SEARCH_PATHS = (
					"$(inherited)",
					"@executable_path/Frameworks",
					"@loader_path/Frameworks",
				);
				PRODUCT_BUNDLE_IDENTIFIER = swift.testTests;
				PRODUCT_NAME = "$(TARGET_NAME)";
				SWIFT_VERSION = 4.2;
				TARGETED_DEVICE_FAMILY = "1,2";
				TEST_HOST = "$(BUILT_PRODUCTS_DIR)/test.app/test";
			};
			name = Release;
		};
		4BD14486215DD670003EEE05 /* Debug */ = {
			isa = XCBuildConfiguration;
			buildSettings = {
				ALWAYS_EMBED_SWIFT_STANDARD_LIBRARIES = YES;
				CODE_SIGN_STYLE = Automatic;
				INFOPLIST_FILE = testUITests/Info.plist;
				LD_RUNPATH_SEARCH_PATHS = (
					"$(inherited)",
					"@executable_path/Frameworks",
					"@loader_path/Frameworks",
				);
				PRODUCT_BUNDLE_IDENTIFIER = swift.testUITests;
				PRODUCT_NAME = "$(TARGET_NAME)";
				SWIFT_VERSION = 4.2;
				TARGETED_DEVICE_FAMILY = "1,2";
				TEST_TARGET_NAME = test;
			};
			name = Debug;
		};
		4BD14487215DD670003EEE05 /* Release */ = {
			isa = XCBuildConfiguration;
			buildSettings = {
				ALWAYS_EMBED_SWIFT_STANDARD_LIBRARIES = YES;
				CODE_SIGN_STYLE = Automatic;
				INFOPLIST_FILE = testUITests/Info.plist;
				LD_RUNPATH_SEARCH_PATHS = (
					"$(inherited)",
					"@executable_path/Frameworks",
					"@loader_path/Frameworks",
				);
				PRODUCT_BUNDLE_IDENTIFIER = swift.testUITests;
				PRODUCT_NAME = "$(TARGET_NAME)";
				SWIFT_VERSION = 4.2;
				TARGETED_DEVICE_FAMILY = "1,2";
				TEST_TARGET_NAME = test;
			};
			name = Release;
		};
/* End XCBuildConfiguration section */

/* Begin XCConfigurationList section */
		4BD1444C215DD66F003EEE05 /* Build configuration list for PBXProject "test" */ = {
			isa = XCConfigurationList;
			buildConfigurations = (
				4BD1447D215DD670003EEE05 /* Debug */,
				4BD1447E215DD670003EEE05 /* Release */,
			);
			defaultConfigurationIsVisible = 0;
			defaultConfigurationName = Release;
		};
		4BD1447F215DD670003EEE05 /* Build configuration list for PBXNativeTarget "test" */ = {
			isa = XCConfigurationList;
			buildConfigurations = (
				4BD14480215DD670003EEE05 /* Debug */,
				4BD14481215DD670003EEE05 /* Release */,
			);
			defaultConfigurationIsVisible = 0;
			defaultConfigurationName = Release;
		};
		4BD14482215DD670003EEE05 /* Build configuration list for PBXNativeTarget "testTests" */ = {
			isa = XCConfigurationList;
			buildConfigurations = (
				4BD14483215DD670003EEE05 /* Debug */,
				4BD14484215DD670003EEE05 /* Release */,
			);
			defaultConfigurationIsVisible = 0;
			defaultConfigurationName = Release;
		};
		4BD14485215DD670003EEE05 /* Build configuration list for PBXNativeTarget "testUITests" */ = {
			isa = XCConfigurationList;
			buildConfigurations = (
				4BD14486215DD670003EEE05 /* Debug */,
				4BD14487215DD670003EEE05 /* Release */,
			);
			defaultConfigurationIsVisible = 0;
			defaultConfigurationName = Release;
		};
/* End XCConfigurationList section */
	};
	rootObject = 4BD14449215DD66F003EEE05 /* Project object */;
}
